
Microsoft Visual Studio Solution File, Format Version 12.00
# Visual Studio Version 17
VisualStudioVersion = 17.1.32228.430
MinimumVisualStudioVersion = 10.0.40219.1
Project("{2150E333-8FDC-42A3-9474-1A3956D46DE8}") = "Solution Items", "Solution Items", "{C206A81E-A772-4DF8-A8F1-E5E2B72F2804}"
	ProjectSection(SolutionItems) = preProject
		Docker-Compose.yaml = Docker-Compose.yaml
		Dockerfile = Dockerfile
		README.md = README.md
	EndProjectSection
EndProject
Project("{9A19103F-16F7-4668-BE54-9A1E7A4F7556}") = "GeocodingService.Core", "src\Core\GeocodingService.Core\GeocodingService.Core.csproj", "{F18A893B-A584-41C1-8397-DA18ACBBAB3B}"
EndProject
Project("{9A19103F-16F7-4668-BE54-9A1E7A4F7556}") = "GeocodingService.Infraestructure", "src\Infraestructure\GeocodingService.Infraestructure\GeocodingService.Infraestructure.csproj", "{271F91EA-4900-40CC-9B6E-FD2DD5B38C58}"
EndProject
Project("{9A19103F-16F7-4668-BE54-9A1E7A4F7556}") = "GeocodingService.Api", "src\Boostrapers\GeocodingService.Api\GeocodingService.Api.csproj", "{92A9B20F-13A8-4C98-B966-8114FB757045}"
EndProject
Project("{FAE04EC0-301F-11D3-BF4B-00C04F79EFBC}") = "GeocodingTests", "tests\GeocodingTests\GeocodingTests.csproj", "{905E9EBB-46AE-4BA7-8DC2-EE804DF175CA}"
EndProject
Global
	GlobalSection(SolutionConfigurationPlatforms) = preSolution
		Debug|Any CPU = Debug|Any CPU
		Release|Any CPU = Release|Any CPU
	EndGlobalSection
	GlobalSection(ProjectConfigurationPlatforms) = postSolution
		{F18A893B-A584-41C1-8397-DA18ACBBAB3B}.Debug|Any CPU.ActiveCfg = Debug|Any CPU
		{F18A893B-A584-41C1-8397-DA18ACBBAB3B}.Debug|Any CPU.Build.0 = Debug|Any CPU
		{F18A893B-A584-41C1-8397-DA18ACBBAB3B}.Release|Any CPU.ActiveCfg = Release|Any CPU
		{F18A893B-A584-41C1-8397-DA18ACBBAB3B}.Release|Any CPU.Build.0 = Release|Any CPU
		{271F91EA-4900-40CC-9B6E-FD2DD5B38C58}.Debug|Any CPU.ActiveCfg = Debug|Any CPU
		{271F91EA-4900-40CC-9B6E-FD2DD5B38C58}.Debug|Any CPU.Build.0 = Debug|Any CPU
		{271F91EA-4900-40CC-9B6E-FD2DD5B38C58}.Release|Any CPU.ActiveCfg = Release|Any CPU
		{271F91EA-4900-40CC-9B6E-FD2DD5B38C58}.Release|Any CPU.Build.0 = Release|Any CPU
		{92A9B20F-13A8-4C98-B966-8114FB757045}.Debug|Any CPU.ActiveCfg = Debug|Any CPU
		{92A9B20F-13A8-4C98-B966-8114FB757045}.Debug|Any CPU.Build.0 = Debug|Any CPU
		{92A9B20F-13A8-4C98-B966-8114FB757045}.Release|Any CPU.ActiveCfg = Release|Any CPU
		{92A9B20F-13A8-4C98-B966-8114FB757045}.Release|Any CPU.Build.0 = Release|Any CPU
		{905E9EBB-46AE-4BA7-8DC2-EE804DF175CA}.Debug|Any CPU.ActiveCfg = Debug|Any CPU
		{905E9EBB-46AE-4BA7-8DC2-EE804DF175CA}.Debug|Any CPU.Build.0 = Debug|Any CPU
		{905E9EBB-46AE-4BA7-8DC2-EE804DF175CA}.Release|Any CPU.ActiveCfg = Release|Any CPU
		{905E9EBB-46AE-4BA7-8DC2-EE804DF175CA}.Release|Any CPU.Build.0 = Release|Any CPU
	EndGlobalSection
	GlobalSection(SolutionProperties) = preSolution
		HideSolutionNode = FALSE
	EndGlobalSection
	GlobalSection(ExtensibilityGlobals) = postSolution
		SolutionGuid = {402588D4-28A6-41BE-8F7D-F94C24AC383F}
	EndGlobalSection
EndGlobal
